
Microsoft Visual Studio Solution File, Format Version 12.00
# Visual Studio Version 16
VisualStudioVersion = 16.0.30114.105
MinimumVisualStudioVersion = 10.0.40219.1
Project("{FAE04EC0-301F-11D3-BF4B-00C04F79EFBC}") = "TurboEdition", "TurboEdition.csproj", "{A5873131-D8F4-4421-A912-AFD767F574C5}"
EndProject
Global
	GlobalSection(SolutionConfigurationPlatforms) = preSolution
		Debug|Any CPU = Debug|Any CPU
		Release|Any CPU = Release|Any CPU
	EndGlobalSection
	GlobalSection(ProjectConfigurationPlatforms) = postSolution
		{A5873131-D8F4-4421-A912-AFD767F574C5}.Debug|Any CPU.ActiveCfg = Debug|Any CPU
		{A5873131-D8F4-4421-A912-AFD767F574C5}.Debug|Any CPU.Build.0 = Debug|Any CPU
		{A5873131-D8F4-4421-A912-AFD767F574C5}.Release|Any CPU.ActiveCfg = Release|Any CPU
		{A5873131-D8F4-4421-A912-AFD767F574C5}.Release|Any CPU.Build.0 = Release|Any CPU
	EndGlobalSection
	GlobalSection(SolutionProperties) = preSolution
		HideSolutionNode = FALSE
	EndGlobalSection
	GlobalSection(ExtensibilityGlobals) = postSolution
		SolutionGuid = {12CE5AE9-0791-4246-A34F-CE2CECBE8B1B}
	EndGlobalSection
EndGlobal
