
Microsoft Visual Studio Solution File, Format Version 12.00
# Visual Studio 15
Project("{FAE04EC0-301F-11D3-BF4B-00C04F79EFBC}") = "Wwise", "Wwise.csproj", "{CA3180B0-15F7-26EF-9A90-EB041B971007}"
EndProject
Project("{FAE04EC0-301F-11D3-BF4B-00C04F79EFBC}") = "TurboEdition", "TurboEdition.csproj", "{889E8141-CA38-8809-3C00-1BBF54EC217D}"
EndProject
Project("{FAE04EC0-301F-11D3-BF4B-00C04F79EFBC}") = "TranslucentImage", "TranslucentImage.csproj", "{A302CE47-10C7-C417-7503-01736AF82B04}"
EndProject
Project("{FAE04EC0-301F-11D3-BF4B-00C04F79EFBC}") = "NGTools", "NGTools.csproj", "{DEA3F06B-92A1-9881-F1FE-12BBE6806AFA}"
EndProject
Project("{FAE04EC0-301F-11D3-BF4B-00C04F79EFBC}") = "Wwise.Editor", "Wwise.Editor.csproj", "{C72D2872-E8EC-C293-A3EC-B4DAA7E7E4FD}"
EndProject
Project("{FAE04EC0-301F-11D3-BF4B-00C04F79EFBC}") = "EditorUtils", "EditorUtils.csproj", "{3E2814BE-4557-36DC-FE9C-10AEA7664F54}"
EndProject
Global
	GlobalSection(SolutionConfigurationPlatforms) = preSolution
		Debug|Any CPU = Debug|Any CPU
		Release|Any CPU = Release|Any CPU
	EndGlobalSection
	GlobalSection(ProjectConfigurationPlatforms) = postSolution
		{CA3180B0-15F7-26EF-9A90-EB041B971007}.Debug|Any CPU.ActiveCfg = Debug|Any CPU
		{CA3180B0-15F7-26EF-9A90-EB041B971007}.Debug|Any CPU.Build.0 = Debug|Any CPU
		{CA3180B0-15F7-26EF-9A90-EB041B971007}.Release|Any CPU.ActiveCfg = Release|Any CPU
		{CA3180B0-15F7-26EF-9A90-EB041B971007}.Release|Any CPU.Build.0 = Release|Any CPU
		{889E8141-CA38-8809-3C00-1BBF54EC217D}.Debug|Any CPU.ActiveCfg = Debug|Any CPU
		{889E8141-CA38-8809-3C00-1BBF54EC217D}.Debug|Any CPU.Build.0 = Debug|Any CPU
		{889E8141-CA38-8809-3C00-1BBF54EC217D}.Release|Any CPU.ActiveCfg = Release|Any CPU
		{889E8141-CA38-8809-3C00-1BBF54EC217D}.Release|Any CPU.Build.0 = Release|Any CPU
		{A302CE47-10C7-C417-7503-01736AF82B04}.Debug|Any CPU.ActiveCfg = Debug|Any CPU
		{A302CE47-10C7-C417-7503-01736AF82B04}.Debug|Any CPU.Build.0 = Debug|Any CPU
		{A302CE47-10C7-C417-7503-01736AF82B04}.Release|Any CPU.ActiveCfg = Release|Any CPU
		{A302CE47-10C7-C417-7503-01736AF82B04}.Release|Any CPU.Build.0 = Release|Any CPU
		{DEA3F06B-92A1-9881-F1FE-12BBE6806AFA}.Debug|Any CPU.ActiveCfg = Debug|Any CPU
		{DEA3F06B-92A1-9881-F1FE-12BBE6806AFA}.Debug|Any CPU.Build.0 = Debug|Any CPU
		{DEA3F06B-92A1-9881-F1FE-12BBE6806AFA}.Release|Any CPU.ActiveCfg = Release|Any CPU
		{DEA3F06B-92A1-9881-F1FE-12BBE6806AFA}.Release|Any CPU.Build.0 = Release|Any CPU
		{C72D2872-E8EC-C293-A3EC-B4DAA7E7E4FD}.Debug|Any CPU.ActiveCfg = Debug|Any CPU
		{C72D2872-E8EC-C293-A3EC-B4DAA7E7E4FD}.Debug|Any CPU.Build.0 = Debug|Any CPU
		{C72D2872-E8EC-C293-A3EC-B4DAA7E7E4FD}.Release|Any CPU.ActiveCfg = Release|Any CPU
		{C72D2872-E8EC-C293-A3EC-B4DAA7E7E4FD}.Release|Any CPU.Build.0 = Release|Any CPU
		{3E2814BE-4557-36DC-FE9C-10AEA7664F54}.Debug|Any CPU.ActiveCfg = Debug|Any CPU
		{3E2814BE-4557-36DC-FE9C-10AEA7664F54}.Debug|Any CPU.Build.0 = Debug|Any CPU
		{3E2814BE-4557-36DC-FE9C-10AEA7664F54}.Release|Any CPU.ActiveCfg = Release|Any CPU
		{3E2814BE-4557-36DC-FE9C-10AEA7664F54}.Release|Any CPU.Build.0 = Release|Any CPU
	EndGlobalSection
	GlobalSection(SolutionProperties) = preSolution
		HideSolutionNode = FALSE
	EndGlobalSection
EndGlobal
